# This file is automatically @generated by Cargo.
# It is not intended for manual editing.
version = 4

[[package]]
name = "harn-cli"
version = "0.1.0"
dependencies = [
 "harn-lexer",
 "harn-parser",
 "harn-runtime",
 "harn-stdlib",
]

[[package]]
name = "harn-lexer"
version = "0.1.0"

[[package]]
name = "harn-parser"
version = "0.1.0"
dependencies = [
 "harn-lexer",
]

[[package]]
name = "harn-runtime"
version = "0.1.0"
dependencies = [
 "harn-lexer",
 "harn-parser",
]

[[package]]
name = "harn-stdlib"
version = "0.1.0"
dependencies = [
 "harn-runtime",
]
