# This file is auto-generated by Harn. Do not edit.

version = 5
generator_version = "0.10.152"
protocol_artifact_version = "0.10.152"

[[package]]
name = "harn-github-connector"
source = "git+https://github.com/burin-labs/harn-github-connector"
tag = "v0.8.9"
rev_request = "v0.8.9"
commit = "6aa523d23ced8ec1cd3208556761d914995bf46d"
content_hash = "sha256-v2:f373c03407c7f3112082bfd004bc643ac8d45956b036a9d389603a80dfb18866"
package_version = "0.8.9"
harn_compat = ">=0.10.135,<0.11"
manifest_digest = "sha256:cdb467aed29e425fcccf2432ca4cf86902b58d87463907f27c32dc35e1d078a6"

[[package.exports.modules]]
name = "default"
path = "src/facade.harn"

[[package.exports.modules]]
name = "publish"
path = "src/publish_cli.harn"

[[package.exports.modules]]
name = "worktree"
path = "src/worktree_commit.harn"
