# This file is auto-generated by Harn. Do not edit.

version = 5
generator_version = "0.10.140"
protocol_artifact_version = "0.10.140"

[[package]]
name = "harn-github-connector"
source = "git+https://github.com/burin-labs/harn-github-connector"
rev_request = "8cd5f3c9a12d76abf0e9fcce5d8a42a74cddef2a"
commit = "8cd5f3c9a12d76abf0e9fcce5d8a42a74cddef2a"
content_hash = "sha256-v2:14370096180f5dec2683ab9956630291737a78a53970fb01e85fef3a99fce71a"
package_version = "0.8.8"
harn_compat = ">=0.10.135,<0.11"
manifest_digest = "sha256:bf76c3303d12a2d2e5b5f4546cd9c2bc60545a319eefcc4078850a4cf625eabf"

[[package.exports.modules]]
name = "default"
path = "src/facade.harn"

[[package.exports.modules]]
name = "publish"
path = "src/publish_cli.harn"

[[package.exports.modules]]
name = "worktree"
path = "src/worktree_commit.harn"
