# This file is auto-generated by Harn. Do not edit.

version = 5
generator_version = "0.10.51"
protocol_artifact_version = "0.10.51"

[[package]]
name = "harn-github-connector"
source = "git+https://github.com/burin-labs/harn-github-connector"
tag = "v0.6.6"
rev_request = "v0.6.6"
commit = "9f88e2669e43d39544277d4a9a5dff29016bf1b4"
content_hash = "sha256-v2:abf064a9b874aa0f7a87428ef55c8dc198f22f5bbea601ca8664f94f3f721977"
package_version = "0.6.6"
harn_compat = ">=0.10.50,<0.11"
manifest_digest = "sha256:89f07847f81770aa77b6e6ff1055f1941c71baf845af6cdda45e73fc564fe20c"

[[package.exports.modules]]
name = "default"
path = "src/lib.harn"

[[package.exports.modules]]
name = "publish"
path = "src/publish_cli.harn"

[[package.exports.modules]]
name = "worktree"
path = "src/worktree_commit.harn"
