# This file is auto-generated by Harn. Do not edit.

version = 4
generator_version = "0.8.89"
protocol_artifact_version = "0.8.89"

[[package]]
name = "harn-slack-connector"
source = "git+https://github.com/burin-labs/harn-slack-connector"
rev_request = "main"
commit = "2e4e18b205358ff59ff311901d69cd0836c153ba"
content_hash = "sha256:750f1d8b819cd170bcc46e5af6da6995c29d7b9af17cfcd31bfc889eb58394bc"
package_version = "0.2.0"
manifest_digest = "sha256:0e49c3c77b276e42f4fb802ac59bacad486a48c35e2f8395266a9ee06ab4c170"

[[package.exports.modules]]
name = "default"
path = "src/lib.harn"
